PODS:
  - CLCScrollViewIndicator (0.1.1)

DEPENDENCIES:
  - CLCScrollViewIndicator (from `../`)

EXTERNAL SOURCES:
  CLCScrollViewIndicator:
    :path: "../"

SPEC CHECKSUMS:
  CLCScrollViewIndicator: 4f5b73701e84b03e73fc4107f9346a38a0961ecb

PODFILE CHECKSUM: e8b6f11507eb66677acb4ec2fafe31a016aa2146

COCOAPODS: 1.16.2
